// !$*UTF8*$!
{
	archiveVersion = 1;
	classes = {
	};
	objectVersion = 50;
	objects = {

/* Begin PBXBuildFile section */
		073280032147557100598A3A /* HomeViewController.m in Sources */ = {isa = PBXBuildFile; fileRef = 073280022147557100598A3A /* HomeViewController.m */; };
		07328006214755D500598A3A /* JXSegmentTitleView.m in Sources */ = {isa = PBXBuildFile; fileRef = 07328005214755D500598A3A /* JXSegmentTitleView.m */; };
		0732800C21475B6000598A3A /* UIColor+JXExtend.m in Sources */ = {isa = PBXBuildFile; fileRef = 0732800821475B6000598A3A /* UIColor+JXExtend.m */; };
		0732800D21475B6000598A3A /* JXUtilities.m in Sources */ = {isa = PBXBuildFile; fileRef = 0732800921475B6000598A3A /* JXUtilities.m */; };
		073280622149F9B200598A3A /* JXPageContentView.m in Sources */ = {isa = PBXBuildFile; fileRef = 073280612149F9B200598A3A /* JXPageContentView.m */; };
		07E6F06E21464F3F005B93EA /* AppDelegate.m in Sources */ = {isa = PBXBuildFile; fileRef = 07E6F06D21464F3F005B93EA /* AppDelegate.m */; };
		07E6F07621464F41005B93EA /* Assets.xcassets in Resources */ = {isa = PBXBuildFile; fileRef = 07E6F07521464F41005B93EA /* Assets.xcassets */; };
		07E6F07C21464F41005B93EA /* main.m in Sources */ = {isa = PBXBuildFile; fileRef = 07E6F07B21464F41005B93EA /* main.m */; };
		07E6F08621464F41005B93EA /* JXScrollPageViewTests.m in Sources */ = {isa = PBXBuildFile; fileRef = 07E6F08521464F41005B93EA /* JXScrollPageViewTests.m */; };
		07E6F09121464F41005B93EA /* JXScrollPageViewUITests.m in Sources */ = {isa = PBXBuildFile; fileRef = 07E6F09021464F41005B93EA /* JXScrollPageViewUITests.m */; };
		2FD5D2A5FE0AC12EE208E8EE /* libPods-JXScrollPageView.a in Frameworks */ = {isa = PBXBuildFile; fileRef = 4A968436B1760BCCBE2F6E64 /* libPods-JXScrollPageView.a */; };
		6AE2E0DA539B1DE1CC3A3A58 /* libPods-JXScrollPageViewUITests.a in Frameworks */ = {isa = PBXBuildFile; fileRef = 9A9F55804DB18BBCEC65CAE6 /* libPods-JXScrollPageViewUITests.a */; };
		E3E945B10076A231A886F24E /* libPods-JXScrollPageViewTests.a in Frameworks */ = {isa = PBXBuildFile; fileRef = 9C5517585BC5190F6B46A88E /* libPods-JXScrollPageViewTests.a */; };
/* End PBXBuildFile section */

/* Begin PBXContainerItemProxy section */
		07E6F08221464F41005B93EA /* PBXContainerItemProxy */ = {
			isa = PBXContainerItemProxy;
			containerPortal = 07E6F06121464F3F005B93EA /* Project object */;
			proxyType = 1;
			remoteGlobalIDString = 07E6F06821464F3F005B93EA;
			remoteInfo = JXScrollPageView;
		};
		07E6F08D21464F41005B93EA /* PBXContainerItemProxy */ = {
			isa = PBXContainerItemProxy;
			containerPortal = 07E6F06121464F3F005B93EA /* Project object */;
			proxyType = 1;
			remoteGlobalIDString = 07E6F06821464F3F005B93EA;
			remoteInfo = JXScrollPageView;
		};
/* End PBXContainerItemProxy section */

/* Begin PBXFileReference section */
		073280012147557100598A3A /* HomeViewController.h */ = {isa = PBXFileReference; lastKnownFileType = sourcecode.c.h; path = HomeViewController.h; sourceTree = "<group>"; };
		073280022147557100598A3A /* HomeViewController.m */ = {isa = PBXFileReference; lastKnownFileType = sourcecode.c.objc; path = HomeViewController.m; sourceTree = "<group>"; };
		07328004214755D500598A3A /* JXSegmentTitleView.h */ = {isa = PBXFileReference; lastKnownFileType = sourcecode.c.h; path = JXSegmentTitleView.h; sourceTree = "<group>"; };
		07328005214755D500598A3A /* JXSegmentTitleView.m */ = {isa = PBXFileReference; lastKnownFileType = sourcecode.c.objc; path = JXSegmentTitleView.m; sourceTree = "<group>"; };
		0732800821475B6000598A3A /* UIColor+JXExtend.m */ = {isa = PBXFileReference; fileEncoding = 4; lastKnownFileType = sourcecode.c.objc; path = "UIColor+JXExtend.m"; sourceTree = "<group>"; };
		0732800921475B6000598A3A /* JXUtilities.m */ = {isa = PBXFileReference; fileEncoding = 4; lastKnownFileType = sourcecode.c.objc; path = JXUtilities.m; sourceTree = "<group>"; };
		0732800A21475B6000598A3A /* UIColor+JXExtend.h */ = {isa = PBXFileReference; fileEncoding = 4; lastKnownFileType = sourcecode.c.h; path = "UIColor+JXExtend.h"; sourceTree = "<group>"; };
		0732800B21475B6000598A3A /* JXUtilities.h */ = {isa = PBXFileReference; fileEncoding = 4; lastKnownFileType = sourcecode.c.h; path = JXUtilities.h; sourceTree = "<group>"; };
		073280602149F9B200598A3A /* JXPageContentView.h */ = {isa = PBXFileReference; lastKnownFileType = sourcecode.c.h; path = JXPageContentView.h; sourceTree = "<group>"; };
		073280612149F9B200598A3A /* JXPageContentView.m */ = {isa = PBXFileReference; lastKnownFileType = sourcecode.c.objc; path = JXPageContentView.m; sourceTree = "<group>"; };
		07E6F06921464F3F005B93EA /* JXScrollPageView.app */ = {isa = PBXFileReference; explicitFileType = wrapper.application; includeInIndex = 0; path = JXScrollPageView.app; sourceTree = BUILT_PRODUCTS_DIR; };
		07E6F06C21464F3F005B93EA /* AppDelegate.h */ = {isa = PBXFileReference; lastKnownFileType = sourcecode.c.h; path = AppDelegate.h; sourceTree = "<group>"; };
		07E6F06D21464F3F005B93EA /* AppDelegate.m */ = {isa = PBXFileReference; lastKnownFileType = sourcecode.c.objc; path = AppDelegate.m; sourceTree = "<group>"; };
		07E6F07521464F41005B93EA /* Assets.xcassets */ = {isa = PBXFileReference; lastKnownFileType = folder.assetcatalog; path = Assets.xcassets; sourceTree = "<group>"; };
		07E6F07A21464F41005B93EA /* Info.plist */ = {isa = PBXFileReference; lastKnownFileType = text.plist.xml; path = Info.plist; sourceTree = "<group>"; };
		07E6F07B21464F41005B93EA /* main.m */ = {isa = PBXFileReference; lastKnownFileType = sourcecode.c.objc; path = main.m; sourceTree = "<group>"; };
		07E6F08121464F41005B93EA /* JXScrollPageViewTests.xctest */ = {isa = PBXFileReference; explicitFileType = wrapper.cfbundle; includeInIndex = 0; path = JXScrollPageViewTests.xctest; sourceTree = BUILT_PRODUCTS_DIR; };
		07E6F08521464F41005B93EA /* JXScrollPageViewTests.m */ = {isa = PBXFileReference; lastKnownFileType = sourcecode.c.objc; path = JXScrollPageViewTests.m; sourceTree = "<group>"; };
		07E6F08721464F41005B93EA /* Info.plist */ = {isa = PBXFileReference; lastKnownFileType = text.plist.xml; path = Info.plist; sourceTree = "<group>"; };
		07E6F08C21464F41005B93EA /* JXScrollPageViewUITests.xctest */ = {isa = PBXFileReference; explicitFileType = wrapper.cfbundle; includeInIndex = 0; path = JXScrollPageViewUITests.xctest; sourceTree = BUILT_PRODUCTS_DIR; };
		07E6F09021464F41005B93EA /* JXScrollPageViewUITests.m */ = {isa = PBXFileReference; lastKnownFileType = sourcecode.c.objc; path = JXScrollPageViewUITests.m; sourceTree = "<group>"; };
		07E6F09221464F41005B93EA /* Info.plist */ = {isa = PBXFileReference; lastKnownFileType = text.plist.xml; path = Info.plist; sourceTree = "<group>"; };
		10570B95E7C9D6E2BFFCF07C /* Pods-JXScrollPageViewTests.debug.xcconfig */ = {isa = PBXFileReference; includeInIndex = 1; lastKnownFileType = text.xcconfig; name = "Pods-JXScrollPageViewTests.debug.xcconfig"; path = "Pods/Target Support Files/Pods-JXScrollPageViewTests/Pods-JXScrollPageViewTests.debug.xcconfig"; sourceTree = "<group>"; };
		4A968436B1760BCCBE2F6E64 /* libPods-JXScrollPageView.a */ = {isa = PBXFileReference; explicitFileType = archive.ar; includeInIndex = 0; path = "libPods-JXScrollPageView.a"; sourceTree = BUILT_PRODUCTS_DIR; };
		6E20971923628CEEB61183E9 /* Pods-JXScrollPageViewTests.release.xcconfig */ = {isa = PBXFileReference; includeInIndex = 1; lastKnownFileType = text.xcconfig; name = "Pods-JXScrollPageViewTests.release.xcconfig"; path = "Pods/Target Support Files/Pods-JXScrollPageViewTests/Pods-JXScrollPageViewTests.release.xcconfig"; sourceTree = "<group>"; };
		8639C8DD5905D5690E772574 /* Pods-JXScrollPageView.debug.xcconfig */ = {isa = PBXFileReference; includeInIndex = 1; lastKnownFileType = text.xcconfig; name = "Pods-JXScrollPageView.debug.xcconfig"; path = "Pods/Target Support Files/Pods-JXScrollPageView/Pods-JXScrollPageView.debug.xcconfig"; sourceTree = "<group>"; };
		9A9F55804DB18BBCEC65CAE6 /* libPods-JXScrollPageViewUITests.a */ = {isa = PBXFileReference; explicitFileType = archive.ar; includeInIndex = 0; path = "libPods-JXScrollPageViewUITests.a"; sourceTree = BUILT_PRODUCTS_DIR; };
		9C5517585BC5190F6B46A88E /* libPods-JXScrollPageViewTests.a */ = {isa = PBXFileReference; explicitFileType = archive.ar; includeInIndex = 0; path = "libPods-JXScrollPageViewTests.a"; sourceTree = BUILT_PRODUCTS_DIR; };
		A5758240B8DB6DC3EAFCF70E /* Pods-JXScrollPageView.release.xcconfig */ = {isa = PBXFileReference; includeInIndex = 1; lastKnownFileType = text.xcconfig; name = "Pods-JXScrollPageView.release.xcconfig"; path = "Pods/Target Support Files/Pods-JXScrollPageView/Pods-JXScrollPageView.release.xcconfig"; sourceTree = "<group>"; };
		E896F8BBD4584879FC3AF417 /* Pods-JXScrollPageViewUITests.release.xcconfig */ = {isa = PBXFileReference; includeInIndex = 1; lastKnownFileType = text.xcconfig; name = "Pods-JXScrollPageViewUITests.release.xcconfig"; path = "Pods/Target Support Files/Pods-JXScrollPageViewUITests/Pods-JXScrollPageViewUITests.release.xcconfig"; sourceTree = "<group>"; };
		FD290E3BA99BB91B5B4CE343 /* Pods-JXScrollPageViewUITests.debug.xcconfig */ = {isa = PBXFileReference; includeInIndex = 1; lastKnownFileType = text.xcconfig; name = "Pods-JXScrollPageViewUITests.debug.xcconfig"; path = "Pods/Target Support Files/Pods-JXScrollPageViewUITests/Pods-JXScrollPageViewUITests.debug.xcconfig"; sourceTree = "<group>"; };
/* End PBXFileReference section */

/* Begin PBXFrameworksBuildPhase section */
		07E6F06621464F3F005B93EA /* Frameworks */ = {
			isa = PBXFrameworksBuildPhase;
			buildActionMask = 2147483647;
			files = (
				2FD5D2A5FE0AC12EE208E8EE /* libPods-JXScrollPageView.a in Frameworks */,
			);
			runOnlyForDeploymentPostprocessing = 0;
		};
		07E6F07E21464F41005B93EA /* Frameworks */ = {
			isa = PBXFrameworksBuildPhase;
			buildActionMask = 2147483647;
			files = (
				E3E945B10076A231A886F24E /* libPods-JXScrollPageViewTests.a in Frameworks */,
			);
			runOnlyForDeploymentPostprocessing = 0;
		};
		07E6F08921464F41005B93EA /* Frameworks */ = {
			isa = PBXFrameworksBuildPhase;
			buildActionMask = 2147483647;
			files = (
				6AE2E0DA539B1DE1CC3A3A58 /* libPods-JXScrollPageViewUITests.a in Frameworks */,
			);
			runOnlyForDeploymentPostprocessing = 0;
		};
/* End PBXFrameworksBuildPhase section */

/* Begin PBXGroup section */
		07327FFD214754BA00598A3A /* JXScrollPageView */ = {
			isa = PBXGroup;
			children = (
				0732800721475B6000598A3A /* JXTool */,
				07327FFE214754D500598A3A /* JXSegmentTitleView */,
				07327FFF214754F400598A3A /* JXPageContentView */,
			);
			path = JXScrollPageView;
			sourceTree = "<group>";
		};
		07327FFE214754D500598A3A /* JXSegmentTitleView */ = {
			isa = PBXGroup;
			children = (
				07328004214755D500598A3A /* JXSegmentTitleView.h */,
				07328005214755D500598A3A /* JXSegmentTitleView.m */,
			);
			path = JXSegmentTitleView;
			sourceTree = "<group>";
		};
		07327FFF214754F400598A3A /* JXPageContentView */ = {
			isa = PBXGroup;
			children = (
				073280602149F9B200598A3A /* JXPageContentView.h */,
				073280612149F9B200598A3A /* JXPageContentView.m */,
			);
			path = JXPageContentView;
			sourceTree = "<group>";
		};
		073280002147551600598A3A /* Example */ = {
			isa = PBXGroup;
			children = (
				073280012147557100598A3A /* HomeViewController.h */,
				073280022147557100598A3A /* HomeViewController.m */,
			);
			path = Example;
			sourceTree = "<group>";
		};
		0732800721475B6000598A3A /* JXTool */ = {
			isa = PBXGroup;
			children = (
				0732800A21475B6000598A3A /* UIColor+JXExtend.h */,
				0732800821475B6000598A3A /* UIColor+JXExtend.m */,
				0732800B21475B6000598A3A /* JXUtilities.h */,
				0732800921475B6000598A3A /* JXUtilities.m */,
			);
			path = JXTool;
			sourceTree = "<group>";
		};
		07E6F06021464F3F005B93EA = {
			isa = PBXGroup;
			children = (
				07E6F06B21464F3F005B93EA /* JXScrollPageView */,
				07E6F08421464F41005B93EA /* JXScrollPageViewTests */,
				07E6F08F21464F41005B93EA /* JXScrollPageViewUITests */,
				07E6F06A21464F3F005B93EA /* Products */,
				1913323D9A34123A7BDF782D /* Pods */,
				B2E089166A9D69500EEF0277 /* Frameworks */,
			);
			sourceTree = "<group>";
		};
		07E6F06A21464F3F005B93EA /* Products */ = {
			isa = PBXGroup;
			children = (
				07E6F06921464F3F005B93EA /* JXScrollPageView.app */,
				07E6F08121464F41005B93EA /* JXScrollPageViewTests.xctest */,
				07E6F08C21464F41005B93EA /* JXScrollPageViewUITests.xctest */,
			);
			name = Products;
			sourceTree = "<group>";
		};
		07E6F06B21464F3F005B93EA /* JXScrollPageView */ = {
			isa = PBXGroup;
			children = (
				07327FFD214754BA00598A3A /* JXScrollPageView */,
				073280002147551600598A3A /* Example */,
				07E6F06C21464F3F005B93EA /* AppDelegate.h */,
				07E6F06D21464F3F005B93EA /* AppDelegate.m */,
				07E6F07521464F41005B93EA /* Assets.xcassets */,
				07E6F07A21464F41005B93EA /* Info.plist */,
				07E6F07B21464F41005B93EA /* main.m */,
			);
			path = JXScrollPageView;
			sourceTree = "<group>";
		};
		07E6F08421464F41005B93EA /* JXScrollPageViewTests */ = {
			isa = PBXGroup;
			children = (
				07E6F08521464F41005B93EA /* JXScrollPageViewTests.m */,
				07E6F08721464F41005B93EA /* Info.plist */,
			);
			path = JXScrollPageViewTests;
			sourceTree = "<group>";
		};
		07E6F08F21464F41005B93EA /* JXScrollPageViewUITests */ = {
			isa = PBXGroup;
			children = (
				07E6F09021464F41005B93EA /* JXScrollPageViewUITests.m */,
				07E6F09221464F41005B93EA /* Info.plist */,
			);
			path = JXScrollPageViewUITests;
			sourceTree = "<group>";
		};
		1913323D9A34123A7BDF782D /* Pods */ = {
			isa = PBXGroup;
			children = (
				8639C8DD5905D5690E772574 /* Pods-JXScrollPageView.debug.xcconfig */,
				A5758240B8DB6DC3EAFCF70E /* Pods-JXScrollPageView.release.xcconfig */,
				10570B95E7C9D6E2BFFCF07C /* Pods-JXScrollPageViewTests.debug.xcconfig */,
				6E20971923628CEEB61183E9 /* Pods-JXScrollPageViewTests.release.xcconfig */,
				FD290E3BA99BB91B5B4CE343 /* Pods-JXScrollPageViewUITests.debug.xcconfig */,
				E896F8BBD4584879FC3AF417 /* Pods-JXScrollPageViewUITests.release.xcconfig */,
			);
			name = Pods;
			sourceTree = "<group>";
		};
		B2E089166A9D69500EEF0277 /* Frameworks */ = {
			isa = PBXGroup;
			children = (
				4A968436B1760BCCBE2F6E64 /* libPods-JXScrollPageView.a */,
				9C5517585BC5190F6B46A88E /* libPods-JXScrollPageViewTests.a */,
				9A9F55804DB18BBCEC65CAE6 /* libPods-JXScrollPageViewUITests.a */,
			);
			name = Frameworks;
			sourceTree = "<group>";
		};
/* End PBXGroup section */

/* Begin PBXNativeTarget section */
		07E6F06821464F3F005B93EA /* JXScrollPageView */ = {
			isa = PBXNativeTarget;
			buildConfigurationList = 07E6F09521464F41005B93EA /* Build configuration list for PBXNativeTarget "JXScrollPageView" */;
			buildPhases = (
				7D756D4C5241E85A0ED0F96B /* [CP] Check Pods Manifest.lock */,
				07E6F06521464F3F005B93EA /* Sources */,
				07E6F06621464F3F005B93EA /* Frameworks */,
				07E6F06721464F3F005B93EA /* Resources */,
			);
			buildRules = (
			);
			dependencies = (
			);
			name = JXScrollPageView;
			productName = JXScrollPageView;
			productReference = 07E6F06921464F3F005B93EA /* JXScrollPageView.app */;
			productType = "com.apple.product-type.application";
		};
		07E6F08021464F41005B93EA /* JXScrollPageViewTests */ = {
			isa = PBXNativeTarget;
			buildConfigurationList = 07E6F09821464F41005B93EA /* Build configuration list for PBXNativeTarget "JXScrollPageViewTests" */;
			buildPhases = (
				2950EC70BF621992FA8C9354 /* [CP] Check Pods Manifest.lock */,
				07E6F07D21464F41005B93EA /* Sources */,
				07E6F07E21464F41005B93EA /* Frameworks */,
				07E6F07F21464F41005B93EA /* Resources */,
			);
			buildRules = (
			);
			dependencies = (
				07E6F08321464F41005B93EA /* PBXTargetDependency */,
			);
			name = JXScrollPageViewTests;
			productName = JXScrollPageViewTests;
			productReference = 07E6F08121464F41005B93EA /* JXScrollPageViewTests.xctest */;
			productType = "com.apple.product-type.bundle.unit-test";
		};
		07E6F08B21464F41005B93EA /* JXScrollPageViewUITests */ = {
			isa = PBXNativeTarget;
			buildConfigurationList = 07E6F09B21464F41005B93EA /* Build configuration list for PBXNativeTarget "JXScrollPageViewUITests" */;
			buildPhases = (
				DC0B0AA382E639B4896E8175 /* [CP] Check Pods Manifest.lock */,
				07E6F08821464F41005B93EA /* Sources */,
				07E6F08921464F41005B93EA /* Frameworks */,
				07E6F08A21464F41005B93EA /* Resources */,
			);
			buildRules = (
			);
			dependencies = (
				07E6F08E21464F41005B93EA /* PBXTargetDependency */,
			);
			name = JXScrollPageViewUITests;
			productName = JXScrollPageViewUITests;
			productReference = 07E6F08C21464F41005B93EA /* JXScrollPageViewUITests.xctest */;
			productType = "com.apple.product-type.bundle.ui-testing";
		};
/* End PBXNativeTarget section */

/* Begin PBXProject section */
		07E6F06121464F3F005B93EA /* Project object */ = {
			isa = PBXProject;
			attributes = {
				LastUpgradeCheck = 0930;
				ORGANIZATIONNAME = JX;
				TargetAttributes = {
					07E6F06821464F3F005B93EA = {
						CreatedOnToolsVersion = 9.3;
					};
					07E6F08021464F41005B93EA = {
						CreatedOnToolsVersion = 9.3;
						TestTargetID = 07E6F06821464F3F005B93EA;
					};
					07E6F08B21464F41005B93EA = {
						CreatedOnToolsVersion = 9.3;
						TestTargetID = 07E6F06821464F3F005B93EA;
					};
				};
			};
			buildConfigurationList = 07E6F06421464F3F005B93EA /* Build configuration list for PBXProject "JXScrollPageView" */;
			compatibilityVersion = "Xcode 9.3";
			developmentRegion = en;
			hasScannedForEncodings = 0;
			knownRegions = (
				en,
				Base,
			);
			mainGroup = 07E6F06021464F3F005B93EA;
			productRefGroup = 07E6F06A21464F3F005B93EA /* Products */;
			projectDirPath = "";
			projectRoot = "";
			targets = (
				07E6F06821464F3F005B93EA /* JXScrollPageView */,
				07E6F08021464F41005B93EA /* JXScrollPageViewTests */,
				07E6F08B21464F41005B93EA /* JXScrollPageViewUITests */,
			);
		};
/* End PBXProject section */

/* Begin PBXResourcesBuildPhase section */
		07E6F06721464F3F005B93EA /* Resources */ = {
			isa = PBXResourcesBuildPhase;
			buildActionMask = 2147483647;
			files = (
				07E6F07621464F41005B93EA /* Assets.xcassets in Resources */,
			);
			runOnlyForDeploymentPostprocessing = 0;
		};
		07E6F07F21464F41005B93EA /* Resources */ = {
			isa = PBXResourcesBuildPhase;
			buildActionMask = 2147483647;
			files = (
			);
			runOnlyForDeploymentPostprocessing = 0;
		};
		07E6F08A21464F41005B93EA /* Resources */ = {
			isa = PBXResourcesBuildPhase;
			buildActionMask = 2147483647;
			files = (
			);
			runOnlyForDeploymentPostprocessing = 0;
		};
/* End PBXResourcesBuildPhase section */

/* Begin PBXShellScriptBuildPhase section */
		2950EC70BF621992FA8C9354 /* [CP] Check Pods Manifest.lock */ = {
			isa = PBXShellScriptBuildPhase;
			buildActionMask = 2147483647;
			files = (
			);
			inputPaths = (
				"${PODS_PODFILE_DIR_PATH}/Podfile.lock",
				"${PODS_ROOT}/Manifest.lock",
			);
			name = "[CP] Check Pods Manifest.lock";
			outputPaths = (
				"$(DERIVED_FILE_DIR)/Pods-JXScrollPageViewTests-checkManifestLockResult.txt",
			);
			runOnlyForDeploymentPostprocessing = 0;
			shellPath = /bin/sh;
			shellScript = "diff \"${PODS_PODFILE_DIR_PATH}/Podfile.lock\" \"${PODS_ROOT}/Manifest.lock\" > /dev/null\nif [ $? != 0 ] ; then\n    # print error to STDERR\n    echo \"error: The sandbox is not in sync with the Podfile.lock. Run 'pod install' or update your CocoaPods installation.\" >&2\n    exit 1\nfi\n# This output is used by Xcode 'outputs' to avoid re-running this script phase.\necho \"SUCCESS\" > \"${SCRIPT_OUTPUT_FILE_0}\"\n";
			showEnvVarsInLog = 0;
		};
		7D756D4C5241E85A0ED0F96B /* [CP] Check Pods Manifest.lock */ = {
			isa = PBXShellScriptBuildPhase;
			buildActionMask = 2147483647;
			files = (
			);
			inputPaths = (
				"${PODS_PODFILE_DIR_PATH}/Podfile.lock",
				"${PODS_ROOT}/Manifest.lock",
			);
			name = "[CP] Check Pods Manifest.lock";
			outputPaths = (
				"$(DERIVED_FILE_DIR)/Pods-JXScrollPageView-checkManifestLockResult.txt",
			);
			runOnlyForDeploymentPostprocessing = 0;
			shellPath = /bin/sh;
			shellScript = "diff \"${PODS_PODFILE_DIR_PATH}/Podfile.lock\" \"${PODS_ROOT}/Manifest.lock\" > /dev/null\nif [ $? != 0 ] ; then\n    # print error to STDERR\n    echo \"error: The sandbox is not in sync with the Podfile.lock. Run 'pod install' or update your CocoaPods installation.\" >&2\n    exit 1\nfi\n# This output is used by Xcode 'outputs' to avoid re-running this script phase.\necho \"SUCCESS\" > \"${SCRIPT_OUTPUT_FILE_0}\"\n";
			showEnvVarsInLog = 0;
		};
		DC0B0AA382E639B4896E8175 /* [CP] Check Pods Manifest.lock */ = {
			isa = PBXShellScriptBuildPhase;
			buildActionMask = 2147483647;
			files = (
			);
			inputPaths = (
				"${PODS_PODFILE_DIR_PATH}/Podfile.lock",
				"${PODS_ROOT}/Manifest.lock",
			);
			name = "[CP] Check Pods Manifest.lock";
			outputPaths = (
				"$(DERIVED_FILE_DIR)/Pods-JXScrollPageViewUITests-checkManifestLockResult.txt",
			);
			runOnlyForDeploymentPostprocessing = 0;
			shellPath = /bin/sh;
			shellScript = "diff \"${PODS_PODFILE_DIR_PATH}/Podfile.lock\" \"${PODS_ROOT}/Manifest.lock\" > /dev/null\nif [ $? != 0 ] ; then\n    # print error to STDERR\n    echo \"error: The sandbox is not in sync with the Podfile.lock. Run 'pod install' or update your CocoaPods installation.\" >&2\n    exit 1\nfi\n# This output is used by Xcode 'outputs' to avoid re-running this script phase.\necho \"SUCCESS\" > \"${SCRIPT_OUTPUT_FILE_0}\"\n";
			showEnvVarsInLog = 0;
		};
/* End PBXShellScriptBuildPhase section */

/* Begin PBXSourcesBuildPhase section */
		07E6F06521464F3F005B93EA /* Sources */ = {
			isa = PBXSourcesBuildPhase;
			buildActionMask = 2147483647;
			files = (
				0732800D21475B6000598A3A /* JXUtilities.m in Sources */,
				07E6F07C21464F41005B93EA /* main.m in Sources */,
				073280622149F9B200598A3A /* JXPageContentView.m in Sources */,
				07328006214755D500598A3A /* JXSegmentTitleView.m in Sources */,
				0732800C21475B6000598A3A /* UIColor+JXExtend.m in Sources */,
				07E6F06E21464F3F005B93EA /* AppDelegate.m in Sources */,
				073280032147557100598A3A /* HomeViewController.m in Sources */,
			);
			runOnlyForDeploymentPostprocessing = 0;
		};
		07E6F07D21464F41005B93EA /* Sources */ = {
			isa = PBXSourcesBuildPhase;
			buildActionMask = 2147483647;
			files = (
				07E6F08621464F41005B93EA /* JXScrollPageViewTests.m in Sources */,
			);
			runOnlyForDeploymentPostprocessing = 0;
		};
		07E6F08821464F41005B93EA /* Sources */ = {
			isa = PBXSourcesBuildPhase;
			buildActionMask = 2147483647;
			files = (
				07E6F09121464F41005B93EA /* JXScrollPageViewUITests.m in Sources */,
			);
			runOnlyForDeploymentPostprocessing = 0;
		};
/* End PBXSourcesBuildPhase section */

/* Begin PBXTargetDependency section */
		07E6F08321464F41005B93EA /* PBXTargetDependency */ = {
			isa = PBXTargetDependency;
			target = 07E6F06821464F3F005B93EA /* JXScrollPageView */;
			targetProxy = 07E6F08221464F41005B93EA /* PBXContainerItemProxy */;
		};
		07E6F08E21464F41005B93EA /* PBXTargetDependency */ = {
			isa = PBXTargetDependency;
			target = 07E6F06821464F3F005B93EA /* JXScrollPageView */;
			targetProxy = 07E6F08D21464F41005B93EA /* PBXContainerItemProxy */;
		};
/* End PBXTargetDependency section */

/* Begin XCBuildConfiguration section */
		07E6F09321464F41005B93EA /* Debug */ = {
			isa = XCBuildConfiguration;
			buildSettings = {
				ALWAYS_SEARCH_USER_PATHS = NO;
				CLANG_ANALYZER_NONNULL = YES;
				CLANG_ANALYZER_NUMBER_OBJECT_CONVERSION = YES_AGGRESSIVE;
				CLANG_CXX_LANGUAGE_STANDARD = "gnu++14";
				CLANG_CXX_LIBRARY = "libc++";
				CLANG_ENABLE_MODULES = YES;
				CLANG_ENABLE_OBJC_ARC = YES;
				CLANG_ENABLE_OBJC_WEAK = YES;
				CLANG_WARN_BLOCK_CAPTURE_AUTORELEASING = YES;
				CLANG_WARN_BOOL_CONVERSION = YES;
				CLANG_WARN_COMMA = YES;
				CLANG_WARN_CONSTANT_CONVERSION = YES;
				CLANG_WARN_DEPRECATED_OBJC_IMPLEMENTATIONS = YES;
				CLANG_WARN_DIRECT_OBJC_ISA_USAGE = YES_ERROR;
				CLANG_WARN_DOCUMENTATION_COMMENTS = YES;
				CLANG_WARN_EMPTY_BODY = YES;
				CLANG_WARN_ENUM_CONVERSION = YES;
				CLANG_WARN_INFINITE_RECURSION = YES;
				CLANG_WARN_INT_CONVERSION = YES;
				CLANG_WARN_NON_LITERAL_NULL_CONVERSION = YES;
				CLANG_WARN_OBJC_IMPLICIT_RETAIN_SELF = YES;
				CLANG_WARN_OBJC_LITERAL_CONVERSION = YES;
				CLANG_WARN_OBJC_ROOT_CLASS = YES_ERROR;
				CLANG_WARN_RANGE_LOOP_ANALYSIS = YES;
				CLANG_WARN_STRICT_PROTOTYPES = YES;
				CLANG_WARN_SUSPICIOUS_MOVE = YES;
				CLANG_WARN_UNGUARDED_AVAILABILITY = YES_AGGRESSIVE;
				CLANG_WARN_UNREACHABLE_CODE = YES;
				CLANG_WARN__DUPLICATE_METHOD_MATCH = YES;
				CODE_SIGN_IDENTITY = "iPhone Developer";
				COPY_PHASE_STRIP = NO;
				DEBUG_INFORMATION_FORMAT = dwarf;
				ENABLE_STRICT_OBJC_MSGSEND = YES;
				ENABLE_TESTABILITY = YES;
				GCC_C_LANGUAGE_STANDARD = gnu11;
				GCC_DYNAMIC_NO_PIC = NO;
				GCC_NO_COMMON_BLOCKS = YES;
				GCC_OPTIMIZATION_LEVEL = 0;
				GCC_PREPROCESSOR_DEFINITIONS = (
					"DEBUG=1",
					"$(inherited)",
				);
				GCC_WARN_64_TO_32_BIT_CONVERSION = YES;
				GCC_WARN_ABOUT_RETURN_TYPE = YES_ERROR;
				GCC_WARN_UNDECLARED_SELECTOR = YES;
				GCC_WARN_UNINITIALIZED_AUTOS = YES_AGGRESSIVE;
				GCC_WARN_UNUSED_FUNCTION = YES;
				GCC_WARN_UNUSED_VARIABLE = YES;
				IPHONEOS_DEPLOYMENT_TARGET = 11.3;
				MTL_ENABLE_DEBUG_INFO = YES;
				ONLY_ACTIVE_ARCH = YES;
				SDKROOT = iphoneos;
			};
			name = Debug;
		};
		07E6F09421464F41005B93EA /* Release */ = {
			isa = XCBuildConfiguration;
			buildSettings = {
				ALWAYS_SEARCH_USER_PATHS = NO;
				CLANG_ANALYZER_NONNULL = YES;
				CLANG_ANALYZER_NUMBER_OBJECT_CONVERSION = YES_AGGRESSIVE;
				CLANG_CXX_LANGUAGE_STANDARD = "gnu++14";
				CLANG_CXX_LIBRARY = "libc++";
				CLANG_ENABLE_MODULES = YES;
				CLANG_ENABLE_OBJC_ARC = YES;
				CLANG_ENABLE_OBJC_WEAK = YES;
				CLANG_WARN_BLOCK_CAPTURE_AUTORELEASING = YES;
				CLANG_WARN_BOOL_CONVERSION = YES;
				CLANG_WARN_COMMA = YES;
				CLANG_WARN_CONSTANT_CONVERSION = YES;
				CLANG_WARN_DEPRECATED_OBJC_IMPLEMENTATIONS = YES;
				CLANG_WARN_DIRECT_OBJC_ISA_USAGE = YES_ERROR;
				CLANG_WARN_DOCUMENTATION_COMMENTS = YES;
				CLANG_WARN_EMPTY_BODY = YES;
				CLANG_WARN_ENUM_CONVERSION = YES;
				CLANG_WARN_INFINITE_RECURSION = YES;
				CLANG_WARN_INT_CONVERSION = YES;
				CLANG_WARN_NON_LITERAL_NULL_CONVERSION = YES;
				CLANG_WARN_OBJC_IMPLICIT_RETAIN_SELF = YES;
				CLANG_WARN_OBJC_LITERAL_CONVERSION = YES;
				CLANG_WARN_OBJC_ROOT_CLASS = YES_ERROR;
				CLANG_WARN_RANGE_LOOP_ANALYSIS = YES;
				CLANG_WARN_STRICT_PROTOTYPES = YES;
				CLANG_WARN_SUSPICIOUS_MOVE = YES;
				CLANG_WARN_UNGUARDED_AVAILABILITY = YES_AGGRESSIVE;
				CLANG_WARN_UNREACHABLE_CODE = YES;
				CLANG_WARN__DUPLICATE_METHOD_MATCH = YES;
				CODE_SIGN_IDENTITY = "iPhone Developer";
				COPY_PHASE_STRIP = NO;
				DEBUG_INFORMATION_FORMAT = "dwarf-with-dsym";
				ENABLE_NS_ASSERTIONS = NO;
				ENABLE_STRICT_OBJC_MSGSEND = YES;
				GCC_C_LANGUAGE_STANDARD = gnu11;
				GCC_NO_COMMON_BLOCKS = YES;
				GCC_WARN_64_TO_32_BIT_CONVERSION = YES;
				GCC_WARN_ABOUT_RETURN_TYPE = YES_ERROR;
				GCC_WARN_UNDECLARED_SELECTOR = YES;
				GCC_WARN_UNINITIALIZED_AUTOS = YES_AGGRESSIVE;
				GCC_WARN_UNUSED_FUNCTION = YES;
				GCC_WARN_UNUSED_VARIABLE = YES;
				IPHONEOS_DEPLOYMENT_TARGET = 11.3;
				MTL_ENABLE_DEBUG_INFO = NO;
				SDKROOT = iphoneos;
				VALIDATE_PRODUCT = YES;
			};
			name = Release;
		};
		07E6F09621464F41005B93EA /* Debug */ = {
			isa = XCBuildConfiguration;
			baseConfigurationReference = 8639C8DD5905D5690E772574 /* Pods-JXScrollPageView.debug.xcconfig */;
			buildSettings = {
				ASSETCATALOG_COMPILER_APPICON_NAME = AppIcon;
				CODE_SIGN_STYLE = Automatic;
				INFOPLIST_FILE = JXScrollPageView/Info.plist;
				LD_RUNPATH_SEARCH_PATHS = (
					"$(inherited)",
					"@executable_path/Frameworks",
				);
				PRODUCT_BUNDLE_IDENTIFIER = com.JX.JXScrollPageView;
				PRODUCT_NAME = "$(TARGET_NAME)";
				TARGETED_DEVICE_FAMILY = "1,2";
			};
			name = Debug;
		};
		07E6F09721464F41005B93EA /* Release */ = {
			isa = XCBuildConfiguration;
			baseConfigurationReference = A5758240B8DB6DC3EAFCF70E /* Pods-JXScrollPageView.release.xcconfig */;
			buildSettings = {
				ASSETCATALOG_COMPILER_APPICON_NAME = AppIcon;
				CODE_SIGN_STYLE = Automatic;
				INFOPLIST_FILE = JXScrollPageView/Info.plist;
				LD_RUNPATH_SEARCH_PATHS = (
					"$(inherited)",
					"@executable_path/Frameworks",
				);
				PRODUCT_BUNDLE_IDENTIFIER = com.JX.JXScrollPageView;
				PRODUCT_NAME = "$(TARGET_NAME)";
				TARGETED_DEVICE_FAMILY = "1,2";
			};
			name = Release;
		};
		07E6F09921464F41005B93EA /* Debug */ = {
			isa = XCBuildConfiguration;
			baseConfigurationReference = 10570B95E7C9D6E2BFFCF07C /* Pods-JXScrollPageViewTests.debug.xcconfig */;
			buildSettings = {
				BUNDLE_LOADER = "$(TEST_HOST)";
				CODE_SIGN_STYLE = Automatic;
				INFOPLIST_FILE = JXScrollPageViewTests/Info.plist;
				LD_RUNPATH_SEARCH_PATHS = (
					"$(inherited)",
					"@executable_path/Frameworks",
					"@loader_path/Frameworks",
				);
				PRODUCT_BUNDLE_IDENTIFIER = com.JX.JXScrollPageViewTests;
				PRODUCT_NAME = "$(TARGET_NAME)";
				TARGETED_DEVICE_FAMILY = "1,2";
				TEST_HOST = "$(BUILT_PRODUCTS_DIR)/JXScrollPageView.app/JXScrollPageView";
			};
			name = Debug;
		};
		07E6F09A21464F41005B93EA /* Release */ = {
			isa = XCBuildConfiguration;
			baseConfigurationReference = 6E20971923628CEEB61183E9 /* Pods-JXScrollPageViewTests.release.xcconfig */;
			buildSettings = {
				BUNDLE_LOADER = "$(TEST_HOST)";
				CODE_SIGN_STYLE = Automatic;
				INFOPLIST_FILE = JXScrollPageViewTests/Info.plist;
				LD_RUNPATH_SEARCH_PATHS = (
					"$(inherited)",
					"@executable_path/Frameworks",
					"@loader_path/Frameworks",
				);
				PRODUCT_BUNDLE_IDENTIFIER = com.JX.JXScrollPageViewTests;
				PRODUCT_NAME = "$(TARGET_NAME)";
				TARGETED_DEVICE_FAMILY = "1,2";
				TEST_HOST = "$(BUILT_PRODUCTS_DIR)/JXScrollPageView.app/JXScrollPageView";
			};
			name = Release;
		};
		07E6F09C21464F41005B93EA /* Debug */ = {
			isa = XCBuildConfiguration;
			baseConfigurationReference = FD290E3BA99BB91B5B4CE343 /* Pods-JXScrollPageViewUITests.debug.xcconfig */;
			buildSettings = {
				CODE_SIGN_STYLE = Automatic;
				INFOPLIST_FILE = JXScrollPageViewUITests/Info.plist;
				LD_RUNPATH_SEARCH_PATHS = (
					"$(inherited)",
					"@executable_path/Frameworks",
					"@loader_path/Frameworks",
				);
				PRODUCT_BUNDLE_IDENTIFIER = com.JX.JXScrollPageViewUITests;
				PRODUCT_NAME = "$(TARGET_NAME)";
				TARGETED_DEVICE_FAMILY = "1,2";
				TEST_TARGET_NAME = JXScrollPageView;
			};
			name = Debug;
		};
		07E6F09D21464F41005B93EA /* Release */ = {
			isa = XCBuildConfiguration;
			baseConfigurationReference = E896F8BBD4584879FC3AF417 /* Pods-JXScrollPageViewUITests.release.xcconfig */;
			buildSettings = {
				CODE_SIGN_STYLE = Automatic;
				INFOPLIST_FILE = JXScrollPageViewUITests/Info.plist;
				LD_RUNPATH_SEARCH_PATHS = (
					"$(inherited)",
					"@executable_path/Frameworks",
					"@loader_path/Frameworks",
				);
				PRODUCT_BUNDLE_IDENTIFIER = com.JX.JXScrollPageViewUITests;
				PRODUCT_NAME = "$(TARGET_NAME)";
				TARGETED_DEVICE_FAMILY = "1,2";
				TEST_TARGET_NAME = JXScrollPageView;
			};
			name = Release;
		};
/* End XCBuildConfiguration section */

/* Begin XCConfigurationList section */
		07E6F06421464F3F005B93EA /* Build configuration list for PBXProject "JXScrollPageView" */ = {
			isa = XCConfigurationList;
			buildConfigurations = (
				07E6F09321464F41005B93EA /* Debug */,
				07E6F09421464F41005B93EA /* Release */,
			);
			defaultConfigurationIsVisible = 0;
			defaultConfigurationName = Release;
		};
		07E6F09521464F41005B93EA /* Build configuration list for PBXNativeTarget "JXScrollPageView" */ = {
			isa = XCConfigurationList;
			buildConfigurations = (
				07E6F09621464F41005B93EA /* Debug */,
				07E6F09721464F41005B93EA /* Release */,
			);
			defaultConfigurationIsVisible = 0;
			defaultConfigurationName = Release;
		};
		07E6F09821464F41005B93EA /* Build configuration list for PBXNativeTarget "JXScrollPageViewTests" */ = {
			isa = XCConfigurationList;
			buildConfigurations = (
				07E6F09921464F41005B93EA /* Debug */,
				07E6F09A21464F41005B93EA /* Release */,
			);
			defaultConfigurationIsVisible = 0;
			defaultConfigurationName = Release;
		};
		07E6F09B21464F41005B93EA /* Build configuration list for PBXNativeTarget "JXScrollPageViewUITests" */ = {
			isa = XCConfigurationList;
			buildConfigurations = (
				07E6F09C21464F41005B93EA /* Debug */,
				07E6F09D21464F41005B93EA /* Release */,
			);
			defaultConfigurationIsVisible = 0;
			defaultConfigurationName = Release;
		};
/* End XCConfigurationList section */
	};
	rootObject = 07E6F06121464F3F005B93EA /* Project object */;
}
